// !$*UTF8*$!
{
	archiveVersion = 1;
	classes = {
	};
	objectVersion = 46;
	objects = {

/* Begin PBXBuildFile section */
		C2DF30641D2A57B900F86CD4 /* main.m in Sources */ = {isa = PBXBuildFile; fileRef = C2DF30631D2A57B900F86CD4 /* main.m */; };
		C2DF30671D2A57B900F86CD4 /* AppDelegate.m in Sources */ = {isa = PBXBuildFile; fileRef = C2DF30661D2A57B900F86CD4 /* AppDelegate.m */; };
		C2DF306A1D2A57B900F86CD4 /* ViewController.m in Sources */ = {isa = PBXBuildFile; fileRef = C2DF30691D2A57B900F86CD4 /* ViewController.m */; };
		C2DF306D1D2A57B900F86CD4 /* Main.storyboard in Resources */ = {isa = PBXBuildFile; fileRef = C2DF306B1D2A57B900F86CD4 /* Main.storyboard */; };
		C2DF306F1D2A57B900F86CD4 /* Assets.xcassets in Resources */ = {isa = PBXBuildFile; fileRef = C2DF306E1D2A57B900F86CD4 /* Assets.xcassets */; };
		C2DF30721D2A57B900F86CD4 /* LaunchScreen.storyboard in Resources */ = {isa = PBXBuildFile; fileRef = C2DF30701D2A57B900F86CD4 /* LaunchScreen.storyboard */; };
		C2DF307F1D2A57C800F86CD4 /* WXYFluxDispatcher.m in Sources */ = {isa = PBXBuildFile; fileRef = C2DF307D1D2A57C800F86CD4 /* WXYFluxDispatcher.m */; };
/* End PBXBuildFile section */

/* Begin PBXFileReference section */
		C2DF305F1D2A57B900F86CD4 /* WXYFluxDemo.app */ = {isa = PBXFileReference; explicitFileType = wrapper.application; includeInIndex = 0; path = WXYFluxDemo.app; sourceTree = BUILT_PRODUCTS_DIR; };
		C2DF30631D2A57B900F86CD4 /* main.m */ = {isa = PBXFileReference; lastKnownFileType = sourcecode.c.objc; path = main.m; sourceTree = "<group>"; };
		C2DF30651D2A57B900F86CD4 /* AppDelegate.h */ = {isa = PBXFileReference; lastKnownFileType = sourcecode.c.h; path = AppDelegate.h; sourceTree = "<group>"; };
		C2DF30661D2A57B900F86CD4 /* AppDelegate.m */ = {isa = PBXFileReference; lastKnownFileType = sourcecode.c.objc; path = AppDelegate.m; sourceTree = "<group>"; };
		C2DF30681D2A57B900F86CD4 /* ViewController.h */ = {isa = PBXFileReference; lastKnownFileType = sourcecode.c.h; path = ViewController.h; sourceTree = "<group>"; };
		C2DF30691D2A57B900F86CD4 /* ViewController.m */ = {isa = PBXFileReference; lastKnownFileType = sourcecode.c.objc; path = ViewController.m; sourceTree = "<group>"; };
		C2DF306C1D2A57B900F86CD4 /* Base */ = {isa = PBXFileReference; lastKnownFileType = file.storyboard; name = Base; path = Base.lproj/Main.storyboard; sourceTree = "<group>"; };
		C2DF306E1D2A57B900F86CD4 /* Assets.xcassets */ = {isa = PBXFileReference; lastKnownFileType = folder.assetcatalog; path = Assets.xcassets; sourceTree = "<group>"; };
		C2DF30711D2A57B900F86CD4 /* Base */ = {isa = PBXFileReference; lastKnownFileType = file.storyboard; name = Base; path = Base.lproj/LaunchScreen.storyboard; sourceTree = "<group>"; };
		C2DF30731D2A57B900F86CD4 /* Info.plist */ = {isa = PBXFileReference; lastKnownFileType = text.plist.xml; path = Info.plist; sourceTree = "<group>"; };
		C2DF307A1D2A57C800F86CD4 /* WXYFlux.h */ = {isa = PBXFileReference; fileEncoding = 4; lastKnownFileType = sourcecode.c.h; path = WXYFlux.h; sourceTree = "<group>"; };
		C2DF307B1D2A57C800F86CD4 /* WXYFluxAction.h */ = {isa = PBXFileReference; fileEncoding = 4; lastKnownFileType = sourcecode.c.h; path = WXYFluxAction.h; sourceTree = "<group>"; };
		C2DF307C1D2A57C800F86CD4 /* WXYFluxDispatcher.h */ = {isa = PBXFileReference; fileEncoding = 4; lastKnownFileType = sourcecode.c.h; path = WXYFluxDispatcher.h; sourceTree = "<group>"; };
		C2DF307D1D2A57C800F86CD4 /* WXYFluxDispatcher.m */ = {isa = PBXFileReference; fileEncoding = 4; lastKnownFileType = sourcecode.c.objc; path = WXYFluxDispatcher.m; sourceTree = "<group>"; };
		C2DF307E1D2A57C800F86CD4 /* WXYFluxStore.h */ = {isa = PBXFileReference; fileEncoding = 4; lastKnownFileType = sourcecode.c.h; path = WXYFluxStore.h; sourceTree = "<group>"; };
/* End PBXFileReference section */

/* Begin PBXFrameworksBuildPhase section */
		C2DF305C1D2A57B900F86CD4 /* Frameworks */ = {
			isa = PBXFrameworksBuildPhase;
			buildActionMask = 2147483647;
			files = (
			);
			runOnlyForDeploymentPostprocessing = 0;
		};
/* End PBXFrameworksBuildPhase section */

/* Begin PBXGroup section */
		C2DF30561D2A57B900F86CD4 = {
			isa = PBXGroup;
			children = (
				C2DF30791D2A57C800F86CD4 /* WXYFlux-OC */,
				C2DF30611D2A57B900F86CD4 /* WXYFluxDemo */,
				C2DF30601D2A57B900F86CD4 /* Products */,
			);
			sourceTree = "<group>";
		};
		C2DF30601D2A57B900F86CD4 /* Products */ = {
			isa = PBXGroup;
			children = (
				C2DF305F1D2A57B900F86CD4 /* WXYFluxDemo.app */,
			);
			name = Products;
			sourceTree = "<group>";
		};
		C2DF30611D2A57B900F86CD4 /* WXYFluxDemo */ = {
			isa = PBXGroup;
			children = (
				C2DF30651D2A57B900F86CD4 /* AppDelegate.h */,
				C2DF30661D2A57B900F86CD4 /* AppDelegate.m */,
				C2DF30681D2A57B900F86CD4 /* ViewController.h */,
				C2DF30691D2A57B900F86CD4 /* ViewController.m */,
				C2DF306B1D2A57B900F86CD4 /* Main.storyboard */,
				C2DF306E1D2A57B900F86CD4 /* Assets.xcassets */,
				C2DF30701D2A57B900F86CD4 /* LaunchScreen.storyboard */,
				C2DF30731D2A57B900F86CD4 /* Info.plist */,
				C2DF30621D2A57B900F86CD4 /* Supporting Files */,
			);
			path = WXYFluxDemo;
			sourceTree = "<group>";
		};
		C2DF30621D2A57B900F86CD4 /* Supporting Files */ = {
			isa = PBXGroup;
			children = (
				C2DF30631D2A57B900F86CD4 /* main.m */,
			);
			name = "Supporting Files";
			sourceTree = "<group>";
		};
		C2DF30791D2A57C800F86CD4 /* WXYFlux-OC */ = {
			isa = PBXGroup;
			children = (
				C2DF307A1D2A57C800F86CD4 /* WXYFlux.h */,
				C2DF307B1D2A57C800F86CD4 /* WXYFluxAction.h */,
				C2DF307C1D2A57C800F86CD4 /* WXYFluxDispatcher.h */,
				C2DF307D1D2A57C800F86CD4 /* WXYFluxDispatcher.m */,
				C2DF307E1D2A57C800F86CD4 /* WXYFluxStore.h */,
			);
			path = "WXYFlux-OC";
			sourceTree = "<group>";
		};
/* End PBXGroup section */

/* Begin PBXNativeTarget section */
		C2DF305E1D2A57B900F86CD4 /* WXYFluxDemo */ = {
			isa = PBXNativeTarget;
			buildConfigurationList = C2DF30761D2A57B900F86CD4 /* Build configuration list for PBXNativeTarget "WXYFluxDemo" */;
			buildPhases = (
				C2DF305B1D2A57B900F86CD4 /* Sources */,
				C2DF305C1D2A57B900F86CD4 /* Frameworks */,
				C2DF305D1D2A57B900F86CD4 /* Resources */,
			);
			buildRules = (
			);
			dependencies = (
			);
			name = WXYFluxDemo;
			productName = WXYFluxDemo;
			productReference = C2DF305F1D2A57B900F86CD4 /* WXYFluxDemo.app */;
			productType = "com.apple.product-type.application";
		};
/* End PBXNativeTarget section */

/* Begin PBXProject section */
		C2DF30571D2A57B900F86CD4 /* Project object */ = {
			isa = PBXProject;
			attributes = {
				LastUpgradeCheck = 0800;
				ORGANIZATIONNAME = wuxu;
				TargetAttributes = {
					C2DF305E1D2A57B900F86CD4 = {
						CreatedOnToolsVersion = 8.0;
						DevelopmentTeam = YEH9R98X32;
						DevelopmentTeamName = "旭 吴 (Personal Team)";
						ProvisioningStyle = Automatic;
					};
				};
			};
			buildConfigurationList = C2DF305A1D2A57B900F86CD4 /* Build configuration list for PBXProject "WXYFluxDemo" */;
			compatibilityVersion = "Xcode 3.2";
			developmentRegion = English;
			hasScannedForEncodings = 0;
			knownRegions = (
				en,
				Base,
			);
			mainGroup = C2DF30561D2A57B900F86CD4;
			productRefGroup = C2DF30601D2A57B900F86CD4 /* Products */;
			projectDirPath = "";
			projectRoot = "";
			targets = (
				C2DF305E1D2A57B900F86CD4 /* WXYFluxDemo */,
			);
		};
/* End PBXProject section */

/* Begin PBXResourcesBuildPhase section */
		C2DF305D1D2A57B900F86CD4 /* Resources */ = {
			isa = PBXResourcesBuildPhase;
			buildActionMask = 2147483647;
			files = (
				C2DF30721D2A57B900F86CD4 /* LaunchScreen.storyboard in Resources */,
				C2DF306F1D2A57B900F86CD4 /* Assets.xcassets in Resources */,
				C2DF306D1D2A57B900F86CD4 /* Main.storyboard in Resources */,
			);
			runOnlyForDeploymentPostprocessing = 0;
		};
/* End PBXResourcesBuildPhase section */

/* Begin PBXSourcesBuildPhase section */
		C2DF305B1D2A57B900F86CD4 /* Sources */ = {
			isa = PBXSourcesBuildPhase;
			buildActionMask = 2147483647;
			files = (
				C2DF307F1D2A57C800F86CD4 /* WXYFluxDispatcher.m in Sources */,
				C2DF306A1D2A57B900F86CD4 /* ViewController.m in Sources */,
				C2DF30671D2A57B900F86CD4 /* AppDelegate.m in Sources */,
				C2DF30641D2A57B900F86CD4 /* main.m in Sources */,
			);
			runOnlyForDeploymentPostprocessing = 0;
		};
/* End PBXSourcesBuildPhase section */

/* Begin PBXVariantGroup section */
		C2DF306B1D2A57B900F86CD4 /* Main.storyboard */ = {
			isa = PBXVariantGroup;
			children = (
				C2DF306C1D2A57B900F86CD4 /* Base */,
			);
			name = Main.storyboard;
			sourceTree = "<group>";
		};
		C2DF30701D2A57B900F86CD4 /* LaunchScreen.storyboard */ = {
			isa = PBXVariantGroup;
			children = (
				C2DF30711D2A57B900F86CD4 /* Base */,
			);
			name = LaunchScreen.storyboard;
			sourceTree = "<group>";
		};
/* End PBXVariantGroup section */

/* Begin XCBuildConfiguration section */
		C2DF30741D2A57B900F86CD4 /* Debug */ = {
			isa = XCBuildConfiguration;
			buildSettings = {
				ALWAYS_SEARCH_USER_PATHS = NO;
				CLANG_ANALYZER_NONNULL = YES;
				CLANG_CXX_LANGUAGE_STANDARD = "gnu++0x";
				CLANG_CXX_LIBRARY = "libc++";
				CLANG_ENABLE_MODULES = YES;
				CLANG_ENABLE_OBJC_ARC = YES;
				CLANG_WARN_BOOL_CONVERSION = YES;
				CLANG_WARN_CONSTANT_CONVERSION = YES;
				CLANG_WARN_DIRECT_OBJC_ISA_USAGE = YES_ERROR;
				CLANG_WARN_DOCUMENTATION_COMMENTS = YES;
				CLANG_WARN_EMPTY_BODY = YES;
				CLANG_WARN_ENUM_CONVERSION = YES;
				CLANG_WARN_INT_CONVERSION = YES;
				CLANG_WARN_OBJC_ROOT_CLASS = YES_ERROR;
				CLANG_WARN_UNREACHABLE_CODE = YES;
				CLANG_WARN__DUPLICATE_METHOD_MATCH = YES;
				"CODE_SIGN_IDENTITY[sdk=iphoneos*]" = "iPhone Developer";
				COPY_PHASE_STRIP = NO;
				DEBUG_INFORMATION_FORMAT = dwarf;
				ENABLE_STRICT_OBJC_MSGSEND = YES;
				ENABLE_TESTABILITY = YES;
				GCC_C_LANGUAGE_STANDARD = gnu99;
				GCC_DYNAMIC_NO_PIC = NO;
				GCC_NO_COMMON_BLOCKS = YES;
				GCC_OPTIMIZATION_LEVEL = 0;
				GCC_PREPROCESSOR_DEFINITIONS = (
					"DEBUG=1",
					"$(inherited)",
				);
				GCC_WARN_64_TO_32_BIT_CONVERSION = YES;
				GCC_WARN_ABOUT_RETURN_TYPE = YES_ERROR;
				GCC_WARN_UNDECLARED_SELECTOR = YES;
				GCC_WARN_UNINITIALIZED_AUTOS = YES_AGGRESSIVE;
				GCC_WARN_UNUSED_FUNCTION = YES;
				GCC_WARN_UNUSED_VARIABLE = YES;
				IPHONEOS_DEPLOYMENT_TARGET = 10.0;
				MTL_ENABLE_DEBUG_INFO = YES;
				ONLY_ACTIVE_ARCH = YES;
				SDKROOT = iphoneos;
				TARGETED_DEVICE_FAMILY = "1,2";
			};
			name = Debug;
		};
		C2DF30751D2A57B900F86CD4 /* Release */ = {
			isa = XCBuildConfiguration;
			buildSettings = {
				ALWAYS_SEARCH_USER_PATHS = NO;
				CLANG_ANALYZER_NONNULL = YES;
				CLANG_CXX_LANGUAGE_STANDARD = "gnu++0x";
				CLANG_CXX_LIBRARY = "libc++";
				CLANG_ENABLE_MODULES = YES;
				CLANG_ENABLE_OBJC_ARC = YES;
				CLANG_WARN_BOOL_CONVERSION = YES;
				CLANG_WARN_CONSTANT_CONVERSION = YES;
				CLANG_WARN_DIRECT_OBJC_ISA_USAGE = YES_ERROR;
				CLANG_WARN_DOCUMENTATION_COMMENTS = YES;
				CLANG_WARN_EMPTY_BODY = YES;
				CLANG_WARN_ENUM_CONVERSION = YES;
				CLANG_WARN_INT_CONVERSION = YES;
				CLANG_WARN_OBJC_ROOT_CLASS = YES_ERROR;
				CLANG_WARN_UNREACHABLE_CODE = YES;
				CLANG_WARN__DUPLICATE_METHOD_MATCH = YES;
				"CODE_SIGN_IDENTITY[sdk=iphoneos*]" = "iPhone Developer";
				COPY_PHASE_STRIP = NO;
				DEBUG_INFORMATION_FORMAT = "dwarf-with-dsym";
				ENABLE_NS_ASSERTIONS = NO;
				ENABLE_STRICT_OBJC_MSGSEND = YES;
				GCC_C_LANGUAGE_STANDARD = gnu99;
				GCC_NO_COMMON_BLOCKS = YES;
				GCC_WARN_64_TO_32_BIT_CONVERSION = YES;
				GCC_WARN_ABOUT_RETURN_TYPE = YES_ERROR;
				GCC_WARN_UNDECLARED_SELECTOR = YES;
				GCC_WARN_UNINITIALIZED_AUTOS = YES_AGGRESSIVE;
				GCC_WARN_UNUSED_FUNCTION = YES;
				GCC_WARN_UNUSED_VARIABLE = YES;
				IPHONEOS_DEPLOYMENT_TARGET = 10.0;
				MTL_ENABLE_DEBUG_INFO = NO;
				SDKROOT = iphoneos;
				TARGETED_DEVICE_FAMILY = "1,2";
				VALIDATE_PRODUCT = YES;
			};
			name = Release;
		};
		C2DF30771D2A57B900F86CD4 /* Debug */ = {
			isa = XCBuildConfiguration;
			buildSettings = {
				ASSETCATALOG_COMPILER_APPICON_NAME = AppIcon;
				INFOPLIST_FILE = WXYFluxDemo/Info.plist;
				LD_RUNPATH_SEARCH_PATHS = "$(inherited) @executable_path/Frameworks";
				PRODUCT_BUNDLE_IDENTIFIER = com.wuxu.WXYFluxDemo;
				PRODUCT_NAME = "$(TARGET_NAME)";
			};
			name = Debug;
		};
		C2DF30781D2A57B900F86CD4 /* Release */ = {
			isa = XCBuildConfiguration;
			buildSettings = {
				ASSETCATALOG_COMPILER_APPICON_NAME = AppIcon;
				INFOPLIST_FILE = WXYFluxDemo/Info.plist;
				LD_RUNPATH_SEARCH_PATHS = "$(inherited) @executable_path/Frameworks";
				PRODUCT_BUNDLE_IDENTIFIER = com.wuxu.WXYFluxDemo;
				PRODUCT_NAME = "$(TARGET_NAME)";
			};
			name = Release;
		};
/* End XCBuildConfiguration section */

/* Begin XCConfigurationList section */
		C2DF305A1D2A57B900F86CD4 /* Build configuration list for PBXProject "WXYFluxDemo" */ = {
			isa = XCConfigurationList;
			buildConfigurations = (
				C2DF30741D2A57B900F86CD4 /* Debug */,
				C2DF30751D2A57B900F86CD4 /* Release */,
			);
			defaultConfigurationIsVisible = 0;
			defaultConfigurationName = Release;
		};
		C2DF30761D2A57B900F86CD4 /* Build configuration list for PBXNativeTarget "WXYFluxDemo" */ = {
			isa = XCConfigurationList;
			buildConfigurations = (
				C2DF30771D2A57B900F86CD4 /* Debug */,
				C2DF30781D2A57B900F86CD4 /* Release */,
			);
			defaultConfigurationIsVisible = 0;
		};
/* End XCConfigurationList section */
	};
	rootObject = C2DF30571D2A57B900F86CD4 /* Project object */;
}
